# THIS IS AN AUTOGENERATED FILE. DO NOT EDIT THIS FILE DIRECTLY.
# yarn lockfile v1


clsx@^1.2.1:
  version "1.2.1"
  resolved "https://registry.yarnpkg.com/clsx/-/clsx-1.2.1.tgz#0ddc4a20a549b59c93a4116bb26f5294ca17dc12"
  integrity sha512-EcR6r5a8bj6pu3ycsa/E/cKVGuTgZJZdsyUYHOksG/UHIiKfjxzRxYJpyVBwYaQeOvghal9fcc4PidlgzugAQg==

emoji-picker-react@^4.4.11:
  version "4.4.11"
  resolved "https://registry.yarnpkg.com/emoji-picker-react/-/emoji-picker-react-4.4.11.tgz#82732164f8a2354428f57db3f391c5797beff3ce"
  integrity sha512-HPQd0mt8l4So8YMBWSwWmCRTMBGLyxVIevr3/4dvVLWlXfsakpwcDgtbNWialCSw/aWlpBchsVdr1asMZ9Dmbg==
  dependencies:
    clsx "^1.2.1"
